github.com/kopoli/go-terminal-size v0.0.0-20170219200355-5c97524c8b54 h1:0SMHxjkLKNawqUjjnMlCtEdj6uWZjv0+qDZ3F6GOADI=
github.com/kopoli/go-terminal-size v0.0.0-20170219200355-5c97524c8b54/go.mod h1:bm7MVZZvHQBfqHG5X59jrRE/3ak6HvK+/Zb6aZhLR2s=
github.com/mark-summerfield/clip v0.4.5 h1:gFP5T7Olk4toyI3Tj4zMJc/Laf+OUNn1wpI58hLYdj0=
github.com/mark-summerfield/clip v0.4.5/go.mod h1:kB4Vb/WGFReTeZBNo3DhgUf+oOUmZFODorobcnAHXTQ=
github.com/mark-summerfield/gong v0.5.2 h1:2R8Bn7bB60rPxCCZhw6CQaB18Q4DdEj+dsSrmX9TS88=
github.com/mark-summerfield/gong v0.5.2/go.mod h1:F+hSIP39FQSKkHUnyO6WDOK84VGaD2Y3wLaGIDU6fl8=
github.com/mark-summerfield/gset v0.8.0 h1:sHjjEEuB1YoK8xlxwl+fezWbH/WQ9vC9qj9fVnbNNWU=
github.com/mark-summerfield/gset v0.8.0/go.mod h1:tKC/xw9eYm52cH40BZMRTQNJRLeyio4s16djhVvP2o0=
github.com/mattn/go-isatty v0.0.16 h1:bq3VjFmv/sOjHtdEhmkEV4x1AJtvUvOJ2PFAZ5+peKQ=
github.com/mattn/go-isatty v0.0.16/go.mod h1:kYGgaQfpe5nmfYZH+SKPsOc2e4SrIfOl2e/yFXSvRLM=
golang.org/x/sys v0.0.0-20220811171246-fbc7d0a398ab/go.mod h1:oPkhp1MJrh7nUepCBck5+mAzfO9JrbApNNgaTdGDITg=
golang.org/x/sys v0.2.0 h1:ljd4t30dBnAvMZaQCevtY0xLLD0A+bRZXbgLMLU1F/A=
golang.org/x/sys v0.2.0/go.mod h1:oPkhp1MJrh7nUepCBck5+mAzfO9JrbApNNgaTdGDITg=
