github.com/mark-summerfield/gong v0.7.0 h1:BKXiIn1huJAQd0kwkrgOw0alkNqkibpS/hogLqKSCwo=
github.com/mark-summerfield/gong v0.7.0/go.mod h1:F+hSIP39FQSKkHUnyO6WDOK84VGaD2Y3wLaGIDU6fl8=
github.com/mark-summerfield/gset v0.8.0 h1:sHjjEEuB1YoK8xlxwl+fezWbH/WQ9vC9qj9fVnbNNWU=
github.com/mark-summerfield/gset v0.8.0/go.mod h1:tKC/xw9eYm52cH40BZMRTQNJRLeyio4s16djhVvP2o0=
